
Microsoft Visual Studio Solution File, Format Version 12.00
# Visual Studio Version 17
VisualStudioVersion = 17.9.34701.34
MinimumVisualStudioVersion = 10.0.40219.1
Project("{9A19103F-16F7-4668-BE54-9A1E7A4F7556}") = "EnglishHelpRecordatory", "EnglishTranslator\EnglishHelpRecordatory.csproj", "{B2E6A38E-8827-43AF-BCB5-8F8162702526}"
EndProject
Global
	GlobalSection(SolutionConfigurationPlatforms) = preSolution
		Debug|Any CPU = Debug|Any CPU
		Release|Any CPU = Release|Any CPU
	EndGlobalSection
	GlobalSection(ProjectConfigurationPlatforms) = postSolution
		{B2E6A38E-8827-43AF-BCB5-8F8162702526}.Debug|Any CPU.ActiveCfg = Debug|Any CPU
		{B2E6A38E-8827-43AF-BCB5-8F8162702526}.Debug|Any CPU.Build.0 = Debug|Any CPU
		{B2E6A38E-8827-43AF-BCB5-8F8162702526}.Release|Any CPU.ActiveCfg = Release|Any CPU
		{B2E6A38E-8827-43AF-BCB5-8F8162702526}.Release|Any CPU.Build.0 = Release|Any CPU
	EndGlobalSection
	GlobalSection(SolutionProperties) = preSolution
		HideSolutionNode = FALSE
	EndGlobalSection
	GlobalSection(ExtensibilityGlobals) = postSolution
		SolutionGuid = {5633E5FD-A05B-4026-9F70-FE144488F9B6}
	EndGlobalSection
EndGlobal
